
Microsoft Visual Studio Solution File, Format Version 12.00
# Visual Studio Version 17
VisualStudioVersion = 17.2.32519.379
MinimumVisualStudioVersion = 10.0.40219.1
Project("{FAE04EC0-301F-11D3-BF4B-00C04F79EFBC}") = "JanuaryExam", "JanuaryExam\JanuaryExam.csproj", "{9934D8B0-1EB1-42A3-9E04-311D930B7B5C}"
EndProject
Global
	GlobalSection(SolutionConfigurationPlatforms) = preSolution
		Debug|Any CPU = Debug|Any CPU
		Release|Any CPU = Release|Any CPU
	EndGlobalSection
	GlobalSection(ProjectConfigurationPlatforms) = postSolution
		{9934D8B0-1EB1-42A3-9E04-311D930B7B5C}.Debug|Any CPU.ActiveCfg = Debug|Any CPU
		{9934D8B0-1EB1-42A3-9E04-311D930B7B5C}.Debug|Any CPU.Build.0 = Debug|Any CPU
		{9934D8B0-1EB1-42A3-9E04-311D930B7B5C}.Release|Any CPU.ActiveCfg = Release|Any CPU
		{9934D8B0-1EB1-42A3-9E04-311D930B7B5C}.Release|Any CPU.Build.0 = Release|Any CPU
	EndGlobalSection
	GlobalSection(SolutionProperties) = preSolution
		HideSolutionNode = FALSE
	EndGlobalSection
	GlobalSection(ExtensibilityGlobals) = postSolution
		SolutionGuid = {489C4965-D80A-46FF-A807-93FCC97E7B9F}
	EndGlobalSection
EndGlobal
